<?xml version="1.0" encoding="utf-8"?>
<Project ToolsVersion="4.0" xmlns="http://schemas.microsoft.com/developer/msbuild/2003">
  <ItemGroup>
    <Filter Include="Source Files">
      <UniqueIdentifier>{4FC737F1-C7A5-4376-A066-2A32D752A2FF}</UniqueIdentifier>
      <Extensions>cpp;c;cc;cxx;def;odl;idl;hpj;bat;asm;asmx</Extensions>
    </Filter>
    <Filter Include="Header Files">
      <UniqueIdentifier>{93995380-89BD-4b04-88EB-625FBE52EBFB}</UniqueIdentifier>
      <Extensions>h;hh;hpp;hxx;hm;inl;inc;ipp;xsd</Extensions>
    </Filter>
    <Filter Include="Resource Files">
      <UniqueIdentifier>{67DA6AB6-F800-4c08-8B7A-83BB121AAD01}</UniqueIdentifier>
      <Extensions>rc;ico;cur;bmp;dlg;rc2;rct;bin;rgs;gif;jpg;jpeg;jpe;resx;tiff;tif;png;wav;mfcribbon-ms</Extensions>
    </Filter>
    <Filter Include="Source Files\Level">
      <UniqueIdentifier>{0ee4dfe2-24e3-4cac-91a5-462436baeed6}</UniqueIdentifier>
    </Filter>
    <Filter Include="Source Files\StateManager">
      <UniqueIdentifier>{ae6297fc-0406-441f-808a-33edc29b96a4}</UniqueIdentifier>
    </Filter>
    <Filter Include="Source Files\Level\Level1">
      <UniqueIdentifier>{992809bd-697c-4fde-84fb-f8f893dd8fdd}</UniqueIdentifier>
    </Filter>
    <Filter Include="Source Files\Level\Level2">
      <UniqueIdentifier>{851dc72d-6d9b-4518-bbc5-5d64f70277be}</UniqueIdentifier>
    </Filter>
  </ItemGroup>
  <ItemGroup>
    <ClCompile Include="main.cpp">
      <Filter>Source Files</Filter>
    </ClCompile>
    <ClCompile Include="StateManager.cpp">
      <Filter>Source Files\StateManager</Filter>
    </ClCompile>
    <ClCompile Include="Level1.cpp">
      <Filter>Source Files\Level\Level1</Filter>
    </ClCompile>
    <ClCompile Include="Level2.cpp">
      <Filter>Source Files\Level\Level2</Filter>
    </ClCompile>
  </ItemGroup>
  <ItemGroup>
    <ClInclude Include="StateManager.h">
      <Filter>Source Files\StateManager</Filter>
    </ClInclude>
    <ClInclude Include="Level1.h">
      <Filter>Source Files\Level\Level1</Filter>
    </ClInclude>
    <ClInclude Include="Level2.h">
      <Filter>Source Files\Level\Level2</Filter>
    </ClInclude>
  </ItemGroup>
</Project>