<?xml version="1.0" encoding="utf-8"?>
<Project ToolsVersion="4.0" xmlns="http://schemas.microsoft.com/developer/msbuild/2003">
  <ItemGroup>
    <Filter Include="Source Files">
      <UniqueIdentifier>{4FC737F1-C7A5-4376-A066-2A32D752A2FF}</UniqueIdentifier>
      <Extensions>cpp;c;cc;cxx;def;odl;idl;hpj;bat;asm;asmx</Extensions>
    </Filter>
    <Filter Include="Header Files">
      <UniqueIdentifier>{93995380-89BD-4b04-88EB-625FBE52EBFB}</UniqueIdentifier>
      <Extensions>h;hh;hpp;hxx;hm;inl;inc;ipp;xsd</Extensions>
    </Filter>
    <Filter Include="Resource Files">
      <UniqueIdentifier>{67DA6AB6-F800-4c08-8B7A-83BB121AAD01}</UniqueIdentifier>
      <Extensions>rc;ico;cur;bmp;dlg;rc2;rct;bin;rgs;gif;jpg;jpeg;jpe;resx;tiff;tif;png;wav;mfcribbon-ms</Extensions>
    </Filter>
    <Filter Include="Source Files\Level">
      <UniqueIdentifier>{99c578ad-24f3-4669-900e-72b2ad7aab38}</UniqueIdentifier>
    </Filter>
    <Filter Include="Source Files\Level\Level1">
      <UniqueIdentifier>{1d8b6a5d-a94b-4202-8411-2c0e3265e4d5}</UniqueIdentifier>
    </Filter>
    <Filter Include="Source Files\Level\Level2">
      <UniqueIdentifier>{07802b89-f7cb-449c-be65-1dfccd410534}</UniqueIdentifier>
    </Filter>
    <Filter Include="Source Files\Level\Level3">
      <UniqueIdentifier>{a421774a-5a96-46a8-85e2-e921e8da35e2}</UniqueIdentifier>
    </Filter>
    <Filter Include="Source Files\Level\Mainmenu">
      <UniqueIdentifier>{f5bc77eb-ab3e-40e8-a8c0-a856d6ffec73}</UniqueIdentifier>
    </Filter>
    <Filter Include="Source Files\Level\Level4">
      <UniqueIdentifier>{57581872-9cb9-472d-a1c1-fec262dcdb0c}</UniqueIdentifier>
    </Filter>
  </ItemGroup>
  <ItemGroup>
    <ClCompile Include="StateManager.cpp">
      <Filter>Source Files\Level</Filter>
    </ClCompile>
    <ClCompile Include="..\GUGUENGINE\main.cpp">
      <Filter>Source Files</Filter>
    </ClCompile>
    <ClCompile Include="Level1.cpp">
      <Filter>Source Files\Level\Level1</Filter>
    </ClCompile>
    <ClCompile Include="Level3.cpp">
      <Filter>Source Files\Level\Level3</Filter>
    </ClCompile>
    <ClCompile Include="Level2.cpp">
      <Filter>Source Files\Level\Level2</Filter>
    </ClCompile>
    <ClCompile Include="MainMenu.cpp">
      <Filter>Source Files\Level\Mainmenu</Filter>
    </ClCompile>
    <ClCompile Include="Level4.cpp">
      <Filter>Source Files\Level\Level4</Filter>
    </ClCompile>
  </ItemGroup>
  <ItemGroup>
    <ClInclude Include="StateManager.h">
      <Filter>Source Files\Level</Filter>
    </ClInclude>
    <ClInclude Include="Level1.h">
      <Filter>Source Files\Level\Level1</Filter>
    </ClInclude>
    <ClInclude Include="Level2.h">
      <Filter>Source Files\Level\Level2</Filter>
    </ClInclude>
    <ClInclude Include="Level3.h">
      <Filter>Source Files\Level\Level3</Filter>
    </ClInclude>
    <ClInclude Include="MainMenu.h">
      <Filter>Source Files\Level\Mainmenu</Filter>
    </ClInclude>
    <ClInclude Include="Level4.h">
      <Filter>Source Files\Level\Level4</Filter>
    </ClInclude>
  </ItemGroup>
</Project>