<?xml version="1.0" encoding="utf-8"?>
<Project ToolsVersion="4.0" xmlns="http://schemas.microsoft.com/developer/msbuild/2003">
  <ItemGroup>
    <Filter Include="소스 파일">
      <UniqueIdentifier>{4FC737F1-C7A5-4376-A066-2A32D752A2FF}</UniqueIdentifier>
      <Extensions>cpp;c;cc;cxx;def;odl;idl;hpj;bat;asm;asmx</Extensions>
    </Filter>
    <Filter Include="리소스 파일">
      <UniqueIdentifier>{67DA6AB6-F800-4c08-8B7A-83BB121AAD01}</UniqueIdentifier>
      <Extensions>rc;ico;cur;bmp;dlg;rc2;rct;bin;rgs;gif;jpg;jpeg;jpe;resx;tiff;tif;png;wav;mfcribbon-ms</Extensions>
    </Filter>
    <Filter Include="소스 파일\Application">
      <UniqueIdentifier>{6c2ee68d-c17b-44ef-95c1-a3ee422b1be0}</UniqueIdentifier>
    </Filter>
    <Filter Include="소스 파일\Object">
      <UniqueIdentifier>{36d2fa9d-ddc5-48d5-90b0-ed77f5beb5a2}</UniqueIdentifier>
    </Filter>
    <Filter Include="소스 파일\Component">
      <UniqueIdentifier>{f9482630-11b7-4a7d-917e-455381a9d15e}</UniqueIdentifier>
    </Filter>
    <Filter Include="소스 파일\Application\Timer">
      <UniqueIdentifier>{9af39eaf-7b9b-498a-8210-a54538b4480b}</UniqueIdentifier>
    </Filter>
    <Filter Include="소스 파일\Component\Transform">
      <UniqueIdentifier>{99e3b5d3-6b6d-4c98-bcd9-a98f75ed7c67}</UniqueIdentifier>
    </Filter>
    <Filter Include="소스 파일\Component\Mesh">
      <UniqueIdentifier>{716ddbcf-c236-4425-a700-68387fadb489}</UniqueIdentifier>
    </Filter>
    <Filter Include="소스 파일\Application\glCheck">
      <UniqueIdentifier>{31a3151d-de7c-4d20-b311-206ee6061844}</UniqueIdentifier>
    </Filter>
    <Filter Include="소스 파일\Application\Command">
      <UniqueIdentifier>{423282f1-4e9d-4aad-ba0c-b01158ce8d10}</UniqueIdentifier>
    </Filter>
    <Filter Include="소스 파일\Graphics">
      <UniqueIdentifier>{732010b0-6ffb-4305-912c-4047c02bb7c7}</UniqueIdentifier>
    </Filter>
    <Filter Include="소스 파일\Texture">
      <UniqueIdentifier>{b54f2ca9-757d-4178-a433-327727125109}</UniqueIdentifier>
    </Filter>
    <Filter Include="소스 파일\Sound">
      <UniqueIdentifier>{421bc659-a9ee-4958-99b7-e49ad7a32ae4}</UniqueIdentifier>
    </Filter>
    <Filter Include="소스 파일\Shader">
      <UniqueIdentifier>{923a567d-ebf7-4b80-80e6-d34093e2b012}</UniqueIdentifier>
    </Filter>
    <Filter Include="소스 파일\Mathmatics">
      <UniqueIdentifier>{55369132-71f7-4ce8-816b-f8e9b5edfceb}</UniqueIdentifier>
    </Filter>
    <Filter Include="소스 파일\Graphics\Color">
      <UniqueIdentifier>{23562e6f-b83a-44b8-a06e-ee11ea64a431}</UniqueIdentifier>
    </Filter>
    <Filter Include="소스 파일\Graphics\Camera">
      <UniqueIdentifier>{dd8e3f8c-9b51-4c15-b028-1ba3bec5125b}</UniqueIdentifier>
    </Filter>
    <Filter Include="소스 파일\Graphics\Image">
      <UniqueIdentifier>{bfb50d79-b1b5-4363-8ec6-7f9c743a9e93}</UniqueIdentifier>
    </Filter>
    <Filter Include="소스 파일\Graphics\MovePooPoo">
      <UniqueIdentifier>{adf909f7-73be-4109-a483-fd1cd700debd}</UniqueIdentifier>
    </Filter>
    <Filter Include="소스 파일\Graphics\GenerateMap">
      <UniqueIdentifier>{95e8f812-94cd-4de6-b606-da5d635530c8}</UniqueIdentifier>
    </Filter>
    <Filter Include="소스 파일\Component\CollisionCheck">
      <UniqueIdentifier>{b6c005aa-47e7-428e-8fb3-7314db48fc32}</UniqueIdentifier>
    </Filter>
    <Filter Include="소스 파일\Graphics\GenerateMap\HexagonElement">
      <UniqueIdentifier>{02d4f031-6147-422b-afe1-87b64dd99dc9}</UniqueIdentifier>
    </Filter>
    <Filter Include="소스 파일\Graphics\GenerateMap\GetDirection">
      <UniqueIdentifier>{ac5d630d-5739-4544-8eaa-9ef6fea4b646}</UniqueIdentifier>
    </Filter>
  </ItemGroup>
  <ItemGroup>
    <ClCompile Include="Application.cpp">
      <Filter>소스 파일\Application</Filter>
    </ClCompile>
    <ClCompile Include="Timer.cpp">
      <Filter>소스 파일\Application\Timer</Filter>
    </ClCompile>
    <ClCompile Include="Transform.cpp">
      <Filter>소스 파일\Component\Transform</Filter>
    </ClCompile>
    <ClCompile Include="Mesh.cpp">
      <Filter>소스 파일\Component\Mesh</Filter>
    </ClCompile>
    <ClCompile Include="Shader.cpp">
      <Filter>소스 파일\Shader</Filter>
    </ClCompile>
    <ClCompile Include="glCheck.cpp">
      <Filter>소스 파일\Application\glCheck</Filter>
    </ClCompile>
    <ClCompile Include="Object.cpp">
      <Filter>소스 파일\Object</Filter>
    </ClCompile>
    <ClCompile Include="ObjectManager.cpp">
      <Filter>소스 파일\Object</Filter>
    </ClCompile>
    <ClCompile Include="FitPuzzleComponent.cpp">
      <Filter>소스 파일\Component</Filter>
    </ClCompile>
    <ClCompile Include="Engine.cpp">
      <Filter>소스 파일</Filter>
    </ClCompile>
    <ClCompile Include="Image.cpp">
      <Filter>소스 파일\Graphics\Image</Filter>
    </ClCompile>
    <ClCompile Include="Texture.cpp">
      <Filter>소스 파일\Texture</Filter>
    </ClCompile>
    <ClCompile Include="Sound.cpp">
      <Filter>소스 파일\Sound</Filter>
    </ClCompile>
    <ClCompile Include="Mathematics\Vector4.cpp">
      <Filter>소스 파일\Mathmatics</Filter>
    </ClCompile>
    <ClCompile Include="Camera.cpp">
      <Filter>소스 파일\Graphics\Camera</Filter>
    </ClCompile>
    <ClCompile Include="CameraView.cpp">
      <Filter>소스 파일\Graphics\Camera</Filter>
    </ClCompile>
    <ClCompile Include="Color.cpp">
      <Filter>소스 파일\Graphics\Color</Filter>
    </ClCompile>
    <ClCompile Include="HexCoordinates.cpp">
      <Filter>소스 파일\Component</Filter>
    </ClCompile>
    <ClCompile Include="MovePooPoo.cpp">
      <Filter>소스 파일\Graphics\MovePooPoo</Filter>
    </ClCompile>
    <ClCompile Include="GenerateMap.cpp">
      <Filter>소스 파일\Graphics\GenerateMap</Filter>
    </ClCompile>
    <ClCompile Include="CollisionCheck.cpp">
      <Filter>소스 파일\Component\CollisionCheck</Filter>
    </ClCompile>
    <ClCompile Include="HexagonElements.cpp">
      <Filter>소스 파일\Graphics\GenerateMap\HexagonElement</Filter>
    </ClCompile>
    <ClCompile Include="GetDirection.cpp">
      <Filter>소스 파일\Graphics\GenerateMap\GetDirection</Filter>
    </ClCompile>
    <ClCompile Include="limitedRotate.cpp">
      <Filter>소스 파일\Component</Filter>
    </ClCompile>
  </ItemGroup>
  <ItemGroup>
    <ClInclude Include="Application.h">
      <Filter>소스 파일\Application</Filter>
    </ClInclude>
    <ClInclude Include="ComponentType.h">
      <Filter>소스 파일\Component</Filter>
    </ClInclude>
    <ClInclude Include="Timer.h">
      <Filter>소스 파일\Application\Timer</Filter>
    </ClInclude>
    <ClInclude Include="Transform.h">
      <Filter>소스 파일\Component\Transform</Filter>
    </ClInclude>
    <ClInclude Include="Mesh.h">
      <Filter>소스 파일\Component\Mesh</Filter>
    </ClInclude>
    <ClInclude Include="Shader.h">
      <Filter>소스 파일\Shader</Filter>
    </ClInclude>
    <ClInclude Include="glCheck.h">
      <Filter>소스 파일\Application\glCheck</Filter>
    </ClInclude>
    <ClInclude Include="Command.h">
      <Filter>소스 파일\Application\Command</Filter>
    </ClInclude>
    <ClInclude Include="CommandType.h">
      <Filter>소스 파일\Application\Command</Filter>
    </ClInclude>
    <ClInclude Include="Component.h">
      <Filter>소스 파일\Component</Filter>
    </ClInclude>
    <ClInclude Include="Object.h">
      <Filter>소스 파일\Object</Filter>
    </ClInclude>
    <ClInclude Include="ObjectManager.h">
      <Filter>소스 파일\Object</Filter>
    </ClInclude>
    <ClInclude Include="FitPuzzleComponent.h">
      <Filter>소스 파일\Component</Filter>
    </ClInclude>
    <ClInclude Include="System.h">
      <Filter>소스 파일</Filter>
    </ClInclude>
    <ClInclude Include="Engine.h">
      <Filter>소스 파일</Filter>
    </ClInclude>
    <ClInclude Include="Image.h">
      <Filter>소스 파일\Graphics\Image</Filter>
    </ClInclude>
    <ClInclude Include="Texture.h">
      <Filter>소스 파일\Texture</Filter>
    </ClInclude>
    <ClInclude Include="Sound.h">
      <Filter>소스 파일\Sound</Filter>
    </ClInclude>
    <ClInclude Include="Mathematics\MathFunctions.hpp">
      <Filter>소스 파일\Mathmatics</Filter>
    </ClInclude>
    <ClInclude Include="Mathematics\MathLibrary.hpp">
      <Filter>소스 파일\Mathmatics</Filter>
    </ClInclude>
    <ClInclude Include="Mathematics\Vector2.hpp">
      <Filter>소스 파일\Mathmatics</Filter>
    </ClInclude>
    <ClInclude Include="Mathematics\Vector3.hpp">
      <Filter>소스 파일\Mathmatics</Filter>
    </ClInclude>
    <ClInclude Include="Mathematics\Vector4.hpp">
      <Filter>소스 파일\Mathmatics</Filter>
    </ClInclude>
    <ClInclude Include="Mathematics\Matrix4.hpp">
      <Filter>소스 파일\Mathmatics</Filter>
    </ClInclude>
    <ClInclude Include="Mathematics\Matrix3.hpp">
      <Filter>소스 파일\Mathmatics</Filter>
    </ClInclude>
    <ClInclude Include="CameraView.h">
      <Filter>소스 파일\Graphics\Camera</Filter>
    </ClInclude>
    <ClInclude Include="Camera.h">
      <Filter>소스 파일\Graphics\Camera</Filter>
    </ClInclude>
    <ClInclude Include="Color.h">
      <Filter>소스 파일\Graphics\Color</Filter>
    </ClInclude>
    <ClInclude Include="LevelManager.h">
      <Filter>소스 파일</Filter>
    </ClInclude>
    <ClInclude Include="HexCoordinates.h">
      <Filter>소스 파일\Component</Filter>
    </ClInclude>
    <ClInclude Include="MovePooPoo.h">
      <Filter>소스 파일\Graphics\MovePooPoo</Filter>
    </ClInclude>
    <ClInclude Include="GenerateMap.h">
      <Filter>소스 파일\Graphics\GenerateMap</Filter>
    </ClInclude>
    <ClInclude Include="CollisionCheck.h">
      <Filter>소스 파일\Component\CollisionCheck</Filter>
    </ClInclude>
    <ClInclude Include="HexagonElements.h">
      <Filter>소스 파일\Graphics\GenerateMap\HexagonElement</Filter>
    </ClInclude>
    <ClInclude Include="GetDirection.h">
      <Filter>소스 파일\Graphics\GenerateMap\GetDirection</Filter>
    </ClInclude>
    <ClInclude Include="limitedRotate.h">
      <Filter>소스 파일\Component</Filter>
    </ClInclude>
  </ItemGroup>
</Project>