
Microsoft Visual Studio Solution File, Format Version 12.00
# Visual Studio Version 16
VisualStudioVersion = 16.0.29215.179
MinimumVisualStudioVersion = 10.0.40219.1
Project("{8BC9CEB8-8B4A-11D0-8D11-00A0C91BC942}") = "GAM200_SFML_FUN", "GAM200_SFML_FUN\GAM200_SFML_FUN.vcxproj", "{ABFFE1BC-8F1B-469D-8F8C-99798C6EB6DF}"
EndProject
Global
	GlobalSection(SolutionConfigurationPlatforms) = preSolution
		Debug|x64 = Debug|x64
		Debug|x86 = Debug|x86
		Release|x64 = Release|x64
		Release|x86 = Release|x86
	EndGlobalSection
	GlobalSection(ProjectConfigurationPlatforms) = postSolution
		{ABFFE1BC-8F1B-469D-8F8C-99798C6EB6DF}.Debug|x64.ActiveCfg = Debug|x64
		{ABFFE1BC-8F1B-469D-8F8C-99798C6EB6DF}.Debug|x64.Build.0 = Debug|x64
		{ABFFE1BC-8F1B-469D-8F8C-99798C6EB6DF}.Debug|x86.ActiveCfg = Debug|Win32
		{ABFFE1BC-8F1B-469D-8F8C-99798C6EB6DF}.Debug|x86.Build.0 = Debug|Win32
		{ABFFE1BC-8F1B-469D-8F8C-99798C6EB6DF}.Release|x64.ActiveCfg = Release|x64
		{ABFFE1BC-8F1B-469D-8F8C-99798C6EB6DF}.Release|x64.Build.0 = Release|x64
		{ABFFE1BC-8F1B-469D-8F8C-99798C6EB6DF}.Release|x86.ActiveCfg = Release|Win32
		{ABFFE1BC-8F1B-469D-8F8C-99798C6EB6DF}.Release|x86.Build.0 = Release|Win32
	EndGlobalSection
	GlobalSection(SolutionProperties) = preSolution
		HideSolutionNode = FALSE
	EndGlobalSection
	GlobalSection(ExtensibilityGlobals) = postSolution
		SolutionGuid = {07508F10-AE24-4DF6-BAC6-2C155F9A5BF5}
	EndGlobalSection
EndGlobal
