<?xml version="1.0" encoding="utf-8"?>
<Project ToolsVersion="4.0" xmlns="http://schemas.microsoft.com/developer/msbuild/2003">
  <ItemGroup>
    <Filter Include="소스 파일">
      <UniqueIdentifier>{4FC737F1-C7A5-4376-A066-2A32D752A2FF}</UniqueIdentifier>
      <Extensions>cpp;c;cc;cxx;def;odl;idl;hpj;bat;asm;asmx</Extensions>
    </Filter>
    <Filter Include="리소스 파일">
      <UniqueIdentifier>{67DA6AB6-F800-4c08-8B7A-83BB121AAD01}</UniqueIdentifier>
      <Extensions>rc;ico;cur;bmp;dlg;rc2;rct;bin;rgs;gif;jpg;jpeg;jpe;resx;tiff;tif;png;wav;mfcribbon-ms</Extensions>
    </Filter>
    <Filter Include="소스 파일\Application">
      <UniqueIdentifier>{6c2ee68d-c17b-44ef-95c1-a3ee422b1be0}</UniqueIdentifier>
    </Filter>
    <Filter Include="소스 파일\Application\Input">
      <UniqueIdentifier>{2443fe75-4f19-466f-b253-cca39df89cfa}</UniqueIdentifier>
    </Filter>
    <Filter Include="소스 파일\Object">
      <UniqueIdentifier>{36d2fa9d-ddc5-48d5-90b0-ed77f5beb5a2}</UniqueIdentifier>
    </Filter>
    <Filter Include="소스 파일\Component">
      <UniqueIdentifier>{f9482630-11b7-4a7d-917e-455381a9d15e}</UniqueIdentifier>
    </Filter>
    <Filter Include="소스 파일\Application\Timer">
      <UniqueIdentifier>{9af39eaf-7b9b-498a-8210-a54538b4480b}</UniqueIdentifier>
    </Filter>
    <Filter Include="소스 파일\Component\Transform">
      <UniqueIdentifier>{99e3b5d3-6b6d-4c98-bcd9-a98f75ed7c67}</UniqueIdentifier>
    </Filter>
    <Filter Include="소스 파일\Component\Mesh">
      <UniqueIdentifier>{716ddbcf-c236-4425-a700-68387fadb489}</UniqueIdentifier>
    </Filter>
    <Filter Include="소스 파일\Application\Shader">
      <UniqueIdentifier>{923a567d-ebf7-4b80-80e6-d34093e2b012}</UniqueIdentifier>
    </Filter>
    <Filter Include="소스 파일\Application\Color">
      <UniqueIdentifier>{23562e6f-b83a-44b8-a06e-ee11ea64a431}</UniqueIdentifier>
    </Filter>
    <Filter Include="소스 파일\Application\glCheck">
      <UniqueIdentifier>{31a3151d-de7c-4d20-b311-206ee6061844}</UniqueIdentifier>
    </Filter>
    <Filter Include="소스 파일\Application\Command">
      <UniqueIdentifier>{423282f1-4e9d-4aad-ba0c-b01158ce8d10}</UniqueIdentifier>
    </Filter>
  </ItemGroup>
  <ItemGroup>
    <ClCompile Include="Application.cpp">
      <Filter>소스 파일\Application</Filter>
    </ClCompile>
    <ClCompile Include="main.cpp">
      <Filter>소스 파일</Filter>
    </ClCompile>
    <ClCompile Include="Input.cpp">
      <Filter>소스 파일\Application\Input</Filter>
    </ClCompile>
    <ClCompile Include="Timer.cpp">
      <Filter>소스 파일\Application\Timer</Filter>
    </ClCompile>
    <ClCompile Include="Transform.cpp">
      <Filter>소스 파일\Component\Transform</Filter>
    </ClCompile>
    <ClCompile Include="Mesh.cpp">
      <Filter>소스 파일\Component\Mesh</Filter>
    </ClCompile>
    <ClCompile Include="Shader.cpp">
      <Filter>소스 파일\Application\Shader</Filter>
    </ClCompile>
    <ClCompile Include="Color.cpp">
      <Filter>소스 파일\Application\Color</Filter>
    </ClCompile>
    <ClCompile Include="glCheck.cpp">
      <Filter>소스 파일\Application\glCheck</Filter>
    </ClCompile>
    <ClCompile Include="Command.cpp">
      <Filter>소스 파일\Application\Command</Filter>
    </ClCompile>
    <ClCompile Include="Component.cpp">
      <Filter>소스 파일\Component</Filter>
    </ClCompile>
    <ClCompile Include="Object.cpp">
      <Filter>소스 파일\Object</Filter>
    </ClCompile>
  </ItemGroup>
  <ItemGroup>
    <ClInclude Include="Application.h">
      <Filter>소스 파일\Application</Filter>
    </ClInclude>
    <ClInclude Include="Input.h">
      <Filter>소스 파일\Application\Input</Filter>
    </ClInclude>
    <ClInclude Include="ComponentType.h">
      <Filter>소스 파일\Component</Filter>
    </ClInclude>
    <ClInclude Include="Timer.h">
      <Filter>소스 파일\Application\Timer</Filter>
    </ClInclude>
    <ClInclude Include="Transform.h">
      <Filter>소스 파일\Component\Transform</Filter>
    </ClInclude>
    <ClInclude Include="Mesh.h">
      <Filter>소스 파일\Component\Mesh</Filter>
    </ClInclude>
    <ClInclude Include="Shader.h">
      <Filter>소스 파일\Application\Shader</Filter>
    </ClInclude>
    <ClInclude Include="Color.h">
      <Filter>소스 파일\Application\Color</Filter>
    </ClInclude>
    <ClInclude Include="glCheck.h">
      <Filter>소스 파일\Application\glCheck</Filter>
    </ClInclude>
    <ClInclude Include="Command.h">
      <Filter>소스 파일\Application\Command</Filter>
    </ClInclude>
    <ClInclude Include="CommandType.h">
      <Filter>소스 파일\Application\Command</Filter>
    </ClInclude>
    <ClInclude Include="Component.h">
      <Filter>소스 파일\Component</Filter>
    </ClInclude>
    <ClInclude Include="Object.h">
      <Filter>소스 파일\Object</Filter>
    </ClInclude>
  </ItemGroup>
</Project>